{
    "requires": true,
    "lockfileVersion": 1,
    "dependencies": {
        "jquery": {
            "version": "3.3.1",
            "resolved": "http://registry.npm.taobao.org/jquery/download/jquery-3.3.1.tgz",
            "integrity": "sha1-lYzinoHJeQ8xvneS311NlfxX+8o="
        },
        "sweetalert2": {
            "version": "7.26.9",
            "resolved": "http://registry.npm.taobao.org/sweetalert2/download/sweetalert2-7.26.9.tgz",
            "integrity": "sha1-1eVfTmR8n+t90X3KRw5ILKiZv+Y="
        },
        "toastr": {
            "version": "2.1.4",
            "resolved": "http://registry.npm.taobao.org/toastr/download/toastr-2.1.4.tgz",
            "integrity": "sha1-i0O+ZPudDEFIcURvLbjoyk6V8YE=",
            "requires": {
                "jquery": ">=1.12.0"
            }
        }
    }
}
